
Microsoft Visual Studio Solution File, Format Version 12.00
# Visual Studio Version 17
VisualStudioVersion = 17.8.34511.84
MinimumVisualStudioVersion = 10.0.40219.1
Project("{FAE04EC0-301F-11D3-BF4B-00C04F79EFBC}") = "Day1", "Day1\Day1.csproj", "{7176A53D-3445-49F1-8C3C-FC9613836E49}"
EndProject
Global
	GlobalSection(SolutionConfigurationPlatforms) = preSolution
		Debug|Any CPU = Debug|Any CPU
		Release|Any CPU = Release|Any CPU
	EndGlobalSection
	GlobalSection(ProjectConfigurationPlatforms) = postSolution
		{7176A53D-3445-49F1-8C3C-FC9613836E49}.Debug|Any CPU.ActiveCfg = Debug|Any CPU
		{7176A53D-3445-49F1-8C3C-FC9613836E49}.Debug|Any CPU.Build.0 = Debug|Any CPU
		{7176A53D-3445-49F1-8C3C-FC9613836E49}.Release|Any CPU.ActiveCfg = Release|Any CPU
		{7176A53D-3445-49F1-8C3C-FC9613836E49}.Release|Any CPU.Build.0 = Release|Any CPU
	EndGlobalSection
	GlobalSection(SolutionProperties) = preSolution
		HideSolutionNode = FALSE
	EndGlobalSection
	GlobalSection(ExtensibilityGlobals) = postSolution
		SolutionGuid = {DD87C5C0-2996-4F5E-8169-025DBD9C90D2}
	EndGlobalSection
EndGlobal
